// !$*UTF8*$!
{
	archiveVersion = 1;
	classes = {
	};
	objectVersion = 46;
	objects = {

/* Begin PBXBuildFile section */
		C5A7BDD51F628141004FD093 /* AppDelegate.swift in Sources */ = {isa = PBXBuildFile; fileRef = C5A7BDD41F628141004FD093 /* AppDelegate.swift */; };
		C5A7BDD71F628141004FD093 /* ViewController.swift in Sources */ = {isa = PBXBuildFile; fileRef = C5A7BDD61F628141004FD093 /* ViewController.swift */; };
		C5A7BDDA1F628141004FD093 /* Main.storyboard in Resources */ = {isa = PBXBuildFile; fileRef = C5A7BDD81F628141004FD093 /* Main.storyboard */; };
		C5A7BDDC1F628141004FD093 /* Assets.xcassets in Resources */ = {isa = PBXBuildFile; fileRef = C5A7BDDB1F628141004FD093 /* Assets.xcassets */; };
		C5A7BDDF1F628141004FD093 /* LaunchScreen.storyboard in Resources */ = {isa = PBXBuildFile; fileRef = C5A7BDDD1F628141004FD093 /* LaunchScreen.storyboard */; };
		C5A7BDE81F62819F004FD093 /* GZZDatePicker.swift in Sources */ = {isa = PBXBuildFile; fileRef = C5A7BDE71F62819F004FD093 /* GZZDatePicker.swift */; };
		C5A7BDEA1F628267004FD093 /* UIButton+Closure.swift in Sources */ = {isa = PBXBuildFile; fileRef = C5A7BDE91F628267004FD093 /* UIButton+Closure.swift */; };
		D0D0CE38F69AC21B2EC81BC8 /* Pods_GZZDatePickerView.framework in Frameworks */ = {isa = PBXBuildFile; fileRef = 98236EA815433C2432C6A993 /* Pods_GZZDatePickerView.framework */; };
/* End PBXBuildFile section */

/* Begin PBXFileReference section */
		867BB0A951DFA2B09C0214E1 /* Pods-GZZDatePickerView.release.xcconfig */ = {isa = PBXFileReference; includeInIndex = 1; lastKnownFileType = text.xcconfig; name = "Pods-GZZDatePickerView.release.xcconfig"; path = "Pods/Target Support Files/Pods-GZZDatePickerView/Pods-GZZDatePickerView.release.xcconfig"; sourceTree = "<group>"; };
		8ED886346CD26A84730B9948 /* Pods-GZZDatePickerView.debug.xcconfig */ = {isa = PBXFileReference; includeInIndex = 1; lastKnownFileType = text.xcconfig; name = "Pods-GZZDatePickerView.debug.xcconfig"; path = "Pods/Target Support Files/Pods-GZZDatePickerView/Pods-GZZDatePickerView.debug.xcconfig"; sourceTree = "<group>"; };
		98236EA815433C2432C6A993 /* Pods_GZZDatePickerView.framework */ = {isa = PBXFileReference; explicitFileType = wrapper.framework; includeInIndex = 0; path = Pods_GZZDatePickerView.framework; sourceTree = BUILT_PRODUCTS_DIR; };
		C5A7BDD11F628141004FD093 /* GZZDatePickerView.app */ = {isa = PBXFileReference; explicitFileType = wrapper.application; includeInIndex = 0; path = GZZDatePickerView.app; sourceTree = BUILT_PRODUCTS_DIR; };
		C5A7BDD41F628141004FD093 /* AppDelegate.swift */ = {isa = PBXFileReference; lastKnownFileType = sourcecode.swift; path = AppDelegate.swift; sourceTree = "<group>"; };
		C5A7BDD61F628141004FD093 /* ViewController.swift */ = {isa = PBXFileReference; lastKnownFileType = sourcecode.swift; path = ViewController.swift; sourceTree = "<group>"; };
		C5A7BDD91F628141004FD093 /* Base */ = {isa = PBXFileReference; lastKnownFileType = file.storyboard; name = Base; path = Base.lproj/Main.storyboard; sourceTree = "<group>"; };
		C5A7BDDB1F628141004FD093 /* Assets.xcassets */ = {isa = PBXFileReference; lastKnownFileType = folder.assetcatalog; path = Assets.xcassets; sourceTree = "<group>"; };
		C5A7BDDE1F628141004FD093 /* Base */ = {isa = PBXFileReference; lastKnownFileType = file.storyboard; name = Base; path = Base.lproj/LaunchScreen.storyboard; sourceTree = "<group>"; };
		C5A7BDE01F628141004FD093 /* Info.plist */ = {isa = PBXFileReference; lastKnownFileType = text.plist.xml; path = Info.plist; sourceTree = "<group>"; };
		C5A7BDE71F62819F004FD093 /* GZZDatePicker.swift */ = {isa = PBXFileReference; fileEncoding = 4; lastKnownFileType = sourcecode.swift; path = GZZDatePicker.swift; sourceTree = "<group>"; };
		C5A7BDE91F628267004FD093 /* UIButton+Closure.swift */ = {isa = PBXFileReference; fileEncoding = 4; lastKnownFileType = sourcecode.swift; path = "UIButton+Closure.swift"; sourceTree = "<group>"; };
/* End PBXFileReference section */

/* Begin PBXFrameworksBuildPhase section */
		C5A7BDCE1F628141004FD093 /* Frameworks */ = {
			isa = PBXFrameworksBuildPhase;
			buildActionMask = 2147483647;
			files = (
				D0D0CE38F69AC21B2EC81BC8 /* Pods_GZZDatePickerView.framework in Frameworks */,
			);
			runOnlyForDeploymentPostprocessing = 0;
		};
/* End PBXFrameworksBuildPhase section */

/* Begin PBXGroup section */
		7B0EAA4852D4E93EF1568270 /* Pods */ = {
			isa = PBXGroup;
			children = (
				8ED886346CD26A84730B9948 /* Pods-GZZDatePickerView.debug.xcconfig */,
				867BB0A951DFA2B09C0214E1 /* Pods-GZZDatePickerView.release.xcconfig */,
			);
			name = Pods;
			sourceTree = "<group>";
		};
		C5A7BDC81F628141004FD093 = {
			isa = PBXGroup;
			children = (
				C5A7BDD31F628141004FD093 /* GZZDatePickerView */,
				C5A7BDD21F628141004FD093 /* Products */,
				7B0EAA4852D4E93EF1568270 /* Pods */,
				D08983E54F2D359EF30FB3AE /* Frameworks */,
			);
			sourceTree = "<group>";
		};
		C5A7BDD21F628141004FD093 /* Products */ = {
			isa = PBXGroup;
			children = (
				C5A7BDD11F628141004FD093 /* GZZDatePickerView.app */,
			);
			name = Products;
			sourceTree = "<group>";
		};
		C5A7BDD31F628141004FD093 /* GZZDatePickerView */ = {
			isa = PBXGroup;
			children = (
				C5A7BDE61F62819F004FD093 /* GZZDatePickerView */,
				C5A7BDD41F628141004FD093 /* AppDelegate.swift */,
				C5A7BDD61F628141004FD093 /* ViewController.swift */,
				C5A7BDD81F628141004FD093 /* Main.storyboard */,
				C5A7BDDB1F628141004FD093 /* Assets.xcassets */,
				C5A7BDDD1F628141004FD093 /* LaunchScreen.storyboard */,
				C5A7BDE01F628141004FD093 /* Info.plist */,
			);
			path = GZZDatePickerView;
			sourceTree = "<group>";
		};
		C5A7BDE61F62819F004FD093 /* GZZDatePickerView */ = {
			isa = PBXGroup;
			children = (
				C5A7BDE71F62819F004FD093 /* GZZDatePicker.swift */,
				C5A7BDE91F628267004FD093 /* UIButton+Closure.swift */,
			);
			path = GZZDatePickerView;
			sourceTree = "<group>";
		};
		D08983E54F2D359EF30FB3AE /* Frameworks */ = {
			isa = PBXGroup;
			children = (
				98236EA815433C2432C6A993 /* Pods_GZZDatePickerView.framework */,
			);
			name = Frameworks;
			sourceTree = "<group>";
		};
/* End PBXGroup section */

/* Begin PBXNativeTarget section */
		C5A7BDD01F628141004FD093 /* GZZDatePickerView */ = {
			isa = PBXNativeTarget;
			buildConfigurationList = C5A7BDE31F628141004FD093 /* Build configuration list for PBXNativeTarget "GZZDatePickerView" */;
			buildPhases = (
				BF4EE8E3999E58C7A6044114 /* [CP] Check Pods Manifest.lock */,
				C5A7BDCD1F628141004FD093 /* Sources */,
				C5A7BDCE1F628141004FD093 /* Frameworks */,
				C5A7BDCF1F628141004FD093 /* Resources */,
				B316E79ED549EE5EDC167412 /* [CP] Embed Pods Frameworks */,
				F330D72236CFBB72DD5E081E /* [CP] Copy Pods Resources */,
			);
			buildRules = (
			);
			dependencies = (
			);
			name = GZZDatePickerView;
			productName = GZZDatePickerView;
			productReference = C5A7BDD11F628141004FD093 /* GZZDatePickerView.app */;
			productType = "com.apple.product-type.application";
		};
/* End PBXNativeTarget section */

/* Begin PBXProject section */
		C5A7BDC91F628141004FD093 /* Project object */ = {
			isa = PBXProject;
			attributes = {
				LastSwiftUpdateCheck = 0830;
				LastUpgradeCheck = 0830;
				ORGANIZATIONNAME = Jonzzs;
				TargetAttributes = {
					C5A7BDD01F628141004FD093 = {
						CreatedOnToolsVersion = 8.3.3;
						DevelopmentTeam = AV8L8X3T9J;
						ProvisioningStyle = Automatic;
					};
				};
			};
			buildConfigurationList = C5A7BDCC1F628141004FD093 /* Build configuration list for PBXProject "GZZDatePickerView" */;
			compatibilityVersion = "Xcode 3.2";
			developmentRegion = English;
			hasScannedForEncodings = 0;
			knownRegions = (
				en,
				Base,
			);
			mainGroup = C5A7BDC81F628141004FD093;
			productRefGroup = C5A7BDD21F628141004FD093 /* Products */;
			projectDirPath = "";
			projectRoot = "";
			targets = (
				C5A7BDD01F628141004FD093 /* GZZDatePickerView */,
			);
		};
/* End PBXProject section */

/* Begin PBXResourcesBuildPhase section */
		C5A7BDCF1F628141004FD093 /* Resources */ = {
			isa = PBXResourcesBuildPhase;
			buildActionMask = 2147483647;
			files = (
				C5A7BDDF1F628141004FD093 /* LaunchScreen.storyboard in Resources */,
				C5A7BDDC1F628141004FD093 /* Assets.xcassets in Resources */,
				C5A7BDDA1F628141004FD093 /* Main.storyboard in Resources */,
			);
			runOnlyForDeploymentPostprocessing = 0;
		};
/* End PBXResourcesBuildPhase section */

/* Begin PBXShellScriptBuildPhase section */
		B316E79ED549EE5EDC167412 /* [CP] Embed Pods Frameworks */ = {
			isa = PBXShellScriptBuildPhase;
			buildActionMask = 2147483647;
			files = (
			);
			inputPaths = (
			);
			name = "[CP] Embed Pods Frameworks";
			outputPaths = (
			);
			runOnlyForDeploymentPostprocessing = 0;
			shellPath = /bin/sh;
			shellScript = "\"${SRCROOT}/Pods/Target Support Files/Pods-GZZDatePickerView/Pods-GZZDatePickerView-frameworks.sh\"\n";
			showEnvVarsInLog = 0;
		};
		BF4EE8E3999E58C7A6044114 /* [CP] Check Pods Manifest.lock */ = {
			isa = PBXShellScriptBuildPhase;
			buildActionMask = 2147483647;
			files = (
			);
			inputPaths = (
			);
			name = "[CP] Check Pods Manifest.lock";
			outputPaths = (
			);
			runOnlyForDeploymentPostprocessing = 0;
			shellPath = /bin/sh;
			shellScript = "diff \"${PODS_PODFILE_DIR_PATH}/Podfile.lock\" \"${PODS_ROOT}/Manifest.lock\" > /dev/null\nif [ $? != 0 ] ; then\n    # print error to STDERR\n    echo \"error: The sandbox is not in sync with the Podfile.lock. Run 'pod install' or update your CocoaPods installation.\" >&2\n    exit 1\nfi\n";
			showEnvVarsInLog = 0;
		};
		F330D72236CFBB72DD5E081E /* [CP] Copy Pods Resources */ = {
			isa = PBXShellScriptBuildPhase;
			buildActionMask = 2147483647;
			files = (
			);
			inputPaths = (
			);
			name = "[CP] Copy Pods Resources";
			outputPaths = (
			);
			runOnlyForDeploymentPostprocessing = 0;
			shellPath = /bin/sh;
			shellScript = "\"${SRCROOT}/Pods/Target Support Files/Pods-GZZDatePickerView/Pods-GZZDatePickerView-resources.sh\"\n";
			showEnvVarsInLog = 0;
		};
/* End PBXShellScriptBuildPhase section */

/* Begin PBXSourcesBuildPhase section */
		C5A7BDCD1F628141004FD093 /* Sources */ = {
			isa = PBXSourcesBuildPhase;
			buildActionMask = 2147483647;
			files = (
				C5A7BDD71F628141004FD093 /* ViewController.swift in Sources */,
				C5A7BDE81F62819F004FD093 /* GZZDatePicker.swift in Sources */,
				C5A7BDD51F628141004FD093 /* AppDelegate.swift in Sources */,
				C5A7BDEA1F628267004FD093 /* UIButton+Closure.swift in Sources */,
			);
			runOnlyForDeploymentPostprocessing = 0;
		};
/* End PBXSourcesBuildPhase section */

/* Begin PBXVariantGroup section */
		C5A7BDD81F628141004FD093 /* Main.storyboard */ = {
			isa = PBXVariantGroup;
			children = (
				C5A7BDD91F628141004FD093 /* Base */,
			);
			name = Main.storyboard;
			sourceTree = "<group>";
		};
		C5A7BDDD1F628141004FD093 /* LaunchScreen.storyboard */ = {
			isa = PBXVariantGroup;
			children = (
				C5A7BDDE1F628141004FD093 /* Base */,
			);
			name = LaunchScreen.storyboard;
			sourceTree = "<group>";
		};
/* End PBXVariantGroup section */

/* Begin XCBuildConfiguration section */
		C5A7BDE11F628141004FD093 /* Debug */ = {
			isa = XCBuildConfiguration;
			buildSettings = {
				ALWAYS_SEARCH_USER_PATHS = NO;
				CLANG_ANALYZER_NONNULL = YES;
				CLANG_ANALYZER_NUMBER_OBJECT_CONVERSION = YES_AGGRESSIVE;
				CLANG_CXX_LANGUAGE_STANDARD = "gnu++0x";
				CLANG_CXX_LIBRARY = "libc++";
				CLANG_ENABLE_MODULES = YES;
				CLANG_ENABLE_OBJC_ARC = YES;
				CLANG_WARN_BOOL_CONVERSION = YES;
				CLANG_WARN_CONSTANT_CONVERSION = YES;
				CLANG_WARN_DIRECT_OBJC_ISA_USAGE = YES_ERROR;
				CLANG_WARN_DOCUMENTATION_COMMENTS = YES;
				CLANG_WARN_EMPTY_BODY = YES;
				CLANG_WARN_ENUM_CONVERSION = YES;
				CLANG_WARN_INFINITE_RECURSION = YES;
				CLANG_WARN_INT_CONVERSION = YES;
				CLANG_WARN_OBJC_ROOT_CLASS = YES_ERROR;
				CLANG_WARN_SUSPICIOUS_MOVE = YES;
				CLANG_WARN_UNREACHABLE_CODE = YES;
				CLANG_WARN__DUPLICATE_METHOD_MATCH = YES;
				"CODE_SIGN_IDENTITY[sdk=iphoneos*]" = "iPhone Developer";
				COPY_PHASE_STRIP = NO;
				DEBUG_INFORMATION_FORMAT = dwarf;
				ENABLE_STRICT_OBJC_MSGSEND = YES;
				ENABLE_TESTABILITY = YES;
				GCC_C_LANGUAGE_STANDARD = gnu99;
				GCC_DYNAMIC_NO_PIC = NO;
				GCC_NO_COMMON_BLOCKS = YES;
				GCC_OPTIMIZATION_LEVEL = 0;
				GCC_PREPROCESSOR_DEFINITIONS = (
					"DEBUG=1",
					"$(inherited)",
				);
				GCC_WARN_64_TO_32_BIT_CONVERSION = YES;
				GCC_WARN_ABOUT_RETURN_TYPE = YES_ERROR;
				GCC_WARN_UNDECLARED_SELECTOR = YES;
				GCC_WARN_UNINITIALIZED_AUTOS = YES_AGGRESSIVE;
				GCC_WARN_UNUSED_FUNCTION = YES;
				GCC_WARN_UNUSED_VARIABLE = YES;
				IPHONEOS_DEPLOYMENT_TARGET = 10.3;
				MTL_ENABLE_DEBUG_INFO = YES;
				ONLY_ACTIVE_ARCH = YES;
				SDKROOT = iphoneos;
				SWIFT_ACTIVE_COMPILATION_CONDITIONS = DEBUG;
				SWIFT_OPTIMIZATION_LEVEL = "-Onone";
			};
			name = Debug;
		};
		C5A7BDE21F628141004FD093 /* Release */ = {
			isa = XCBuildConfiguration;
			buildSettings = {
				ALWAYS_SEARCH_USER_PATHS = NO;
				CLANG_ANALYZER_NONNULL = YES;
				CLANG_ANALYZER_NUMBER_OBJECT_CONVERSION = YES_AGGRESSIVE;
				CLANG_CXX_LANGUAGE_STANDARD = "gnu++0x";
				CLANG_CXX_LIBRARY = "libc++";
				CLANG_ENABLE_MODULES = YES;
				CLANG_ENABLE_OBJC_ARC = YES;
				CLANG_WARN_BOOL_CONVERSION = YES;
				CLANG_WARN_CONSTANT_CONVERSION = YES;
				CLANG_WARN_DIRECT_OBJC_ISA_USAGE = YES_ERROR;
				CLANG_WARN_DOCUMENTATION_COMMENTS = YES;
				CLANG_WARN_EMPTY_BODY = YES;
				CLANG_WARN_ENUM_CONVERSION = YES;
				CLANG_WARN_INFINITE_RECURSION = YES;
				CLANG_WARN_INT_CONVERSION = YES;
				CLANG_WARN_OBJC_ROOT_CLASS = YES_ERROR;
				CLANG_WARN_SUSPICIOUS_MOVE = YES;
				CLANG_WARN_UNREACHABLE_CODE = YES;
				CLANG_WARN__DUPLICATE_METHOD_MATCH = YES;
				"CODE_SIGN_IDENTITY[sdk=iphoneos*]" = "iPhone Developer";
				COPY_PHASE_STRIP = NO;
				DEBUG_INFORMATION_FORMAT = "dwarf-with-dsym";
				ENABLE_NS_ASSERTIONS = NO;
				ENABLE_STRICT_OBJC_MSGSEND = YES;
				GCC_C_LANGUAGE_STANDARD = gnu99;
				GCC_NO_COMMON_BLOCKS = YES;
				GCC_WARN_64_TO_32_BIT_CONVERSION = YES;
				GCC_WARN_ABOUT_RETURN_TYPE = YES_ERROR;
				GCC_WARN_UNDECLARED_SELECTOR = YES;
				GCC_WARN_UNINITIALIZED_AUTOS = YES_AGGRESSIVE;
				GCC_WARN_UNUSED_FUNCTION = YES;
				GCC_WARN_UNUSED_VARIABLE = YES;
				IPHONEOS_DEPLOYMENT_TARGET = 10.3;
				MTL_ENABLE_DEBUG_INFO = NO;
				SDKROOT = iphoneos;
				SWIFT_OPTIMIZATION_LEVEL = "-Owholemodule";
				VALIDATE_PRODUCT = YES;
			};
			name = Release;
		};
		C5A7BDE41F628141004FD093 /* Debug */ = {
			isa = XCBuildConfiguration;
			baseConfigurationReference = 8ED886346CD26A84730B9948 /* Pods-GZZDatePickerView.debug.xcconfig */;
			buildSettings = {
				ASSETCATALOG_COMPILER_APPICON_NAME = AppIcon;
				DEVELOPMENT_TEAM = AV8L8X3T9J;
				INFOPLIST_FILE = GZZDatePickerView/Info.plist;
				LD_RUNPATH_SEARCH_PATHS = "$(inherited) @executable_path/Frameworks";
				PRODUCT_BUNDLE_IDENTIFIER = com.Jonzzs.GZZDatePickerView;
				PRODUCT_NAME = "$(TARGET_NAME)";
				SWIFT_VERSION = 3.0;
			};
			name = Debug;
		};
		C5A7BDE51F628141004FD093 /* Release */ = {
			isa = XCBuildConfiguration;
			baseConfigurationReference = 867BB0A951DFA2B09C0214E1 /* Pods-GZZDatePickerView.release.xcconfig */;
			buildSettings = {
				ASSETCATALOG_COMPILER_APPICON_NAME = AppIcon;
				DEVELOPMENT_TEAM = AV8L8X3T9J;
				INFOPLIST_FILE = GZZDatePickerView/Info.plist;
				LD_RUNPATH_SEARCH_PATHS = "$(inherited) @executable_path/Frameworks";
				PRODUCT_BUNDLE_IDENTIFIER = com.Jonzzs.GZZDatePickerView;
				PRODUCT_NAME = "$(TARGET_NAME)";
				SWIFT_VERSION = 3.0;
			};
			name = Release;
		};
/* End XCBuildConfiguration section */

/* Begin XCConfigurationList section */
		C5A7BDCC1F628141004FD093 /* Build configuration list for PBXProject "GZZDatePickerView" */ = {
			isa = XCConfigurationList;
			buildConfigurations = (
				C5A7BDE11F628141004FD093 /* Debug */,
				C5A7BDE21F628141004FD093 /* Release */,
			);
			defaultConfigurationIsVisible = 0;
			defaultConfigurationName = Release;
		};
		C5A7BDE31F628141004FD093 /* Build configuration list for PBXNativeTarget "GZZDatePickerView" */ = {
			isa = XCConfigurationList;
			buildConfigurations = (
				C5A7BDE41F628141004FD093 /* Debug */,
				C5A7BDE51F628141004FD093 /* Release */,
			);
			defaultConfigurationIsVisible = 0;
			defaultConfigurationName = Release;
		};
/* End XCConfigurationList section */
	};
	rootObject = C5A7BDC91F628141004FD093 /* Project object */;
}
